
Microsoft Visual Studio Solution File, Format Version 12.00
# Visual Studio Version 17
VisualStudioVersion = 17.2.32516.85
MinimumVisualStudioVersion = 10.0.40219.1
Project("{FAE04EC0-301F-11D3-BF4B-00C04F79EFBC}") = "residuos", "residuos\residuos.csproj", "{1891C025-DDC7-455E-B7B8-F66DB5152B0C}"
EndProject
Global
	GlobalSection(SolutionConfigurationPlatforms) = preSolution
		Debug|Any CPU = Debug|Any CPU
		Release|Any CPU = Release|Any CPU
	EndGlobalSection
	GlobalSection(ProjectConfigurationPlatforms) = postSolution
		{1891C025-DDC7-455E-B7B8-F66DB5152B0C}.Debug|Any CPU.ActiveCfg = Debug|Any CPU
		{1891C025-DDC7-455E-B7B8-F66DB5152B0C}.Debug|Any CPU.Build.0 = Debug|Any CPU
		{1891C025-DDC7-455E-B7B8-F66DB5152B0C}.Release|Any CPU.ActiveCfg = Release|Any CPU
		{1891C025-DDC7-455E-B7B8-F66DB5152B0C}.Release|Any CPU.Build.0 = Release|Any CPU
	EndGlobalSection
	GlobalSection(SolutionProperties) = preSolution
		HideSolutionNode = FALSE
	EndGlobalSection
	GlobalSection(ExtensibilityGlobals) = postSolution
		SolutionGuid = {234C26A1-2166-4CB6-B94F-0E9424E97D89}
	EndGlobalSection
EndGlobal
